
Microsoft Visual Studio Solution File, Format Version 12.00
# Visual Studio Version 16
VisualStudioVersion = 16.0.29001.49
MinimumVisualStudioVersion = 10.0.40219.1
Project("{FAE04EC0-301F-11D3-BF4B-00C04F79EFBC}") = "Assignment 2", "Assignment 2\Assignment 2.csproj", "{B14712A2-1536-4E9C-A51D-1507DB773B90}"
EndProject
Global
	GlobalSection(SolutionConfigurationPlatforms) = preSolution
		Debug|Any CPU = Debug|Any CPU
		Release|Any CPU = Release|Any CPU
	EndGlobalSection
	GlobalSection(ProjectConfigurationPlatforms) = postSolution
		{B14712A2-1536-4E9C-A51D-1507DB773B90}.Debug|Any CPU.ActiveCfg = Debug|Any CPU
		{B14712A2-1536-4E9C-A51D-1507DB773B90}.Debug|Any CPU.Build.0 = Debug|Any CPU
		{B14712A2-1536-4E9C-A51D-1507DB773B90}.Release|Any CPU.ActiveCfg = Release|Any CPU
		{B14712A2-1536-4E9C-A51D-1507DB773B90}.Release|Any CPU.Build.0 = Release|Any CPU
	EndGlobalSection
	GlobalSection(SolutionProperties) = preSolution
		HideSolutionNode = FALSE
	EndGlobalSection
	GlobalSection(ExtensibilityGlobals) = postSolution
		SolutionGuid = {0AC8E193-CB34-468B-B376-4E39396CE01D}
	EndGlobalSection
EndGlobal
